
Microsoft Visual Studio Solution File, Format Version 12.00
# Visual Studio Version 16
VisualStudioVersion = 16.0.31729.503
MinimumVisualStudioVersion = 10.0.40219.1
Project("{FAE04EC0-301F-11D3-BF4B-00C04F79EFBC}") = "MCD_LocalFunction", "MCD_LocalFunction\MCD_LocalFunction.csproj", "{B71AD037-8B82-4269-8AAE-E75F171265CE}"
EndProject
Global
	GlobalSection(SolutionConfigurationPlatforms) = preSolution
		Debug|Any CPU = Debug|Any CPU
		Release|Any CPU = Release|Any CPU
	EndGlobalSection
	GlobalSection(ProjectConfigurationPlatforms) = postSolution
		{B71AD037-8B82-4269-8AAE-E75F171265CE}.Debug|Any CPU.ActiveCfg = Debug|Any CPU
		{B71AD037-8B82-4269-8AAE-E75F171265CE}.Debug|Any CPU.Build.0 = Debug|Any CPU
		{B71AD037-8B82-4269-8AAE-E75F171265CE}.Release|Any CPU.ActiveCfg = Release|Any CPU
		{B71AD037-8B82-4269-8AAE-E75F171265CE}.Release|Any CPU.Build.0 = Release|Any CPU
	EndGlobalSection
	GlobalSection(SolutionProperties) = preSolution
		HideSolutionNode = FALSE
	EndGlobalSection
	GlobalSection(ExtensibilityGlobals) = postSolution
		SolutionGuid = {2F3FE038-F500-45BA-96D2-C8FC1D35E4AD}
	EndGlobalSection
EndGlobal
